
Microsoft Visual Studio Solution File, Format Version 12.00
# Visual Studio Version 16
VisualStudioVersion = 16.0.29411.108
MinimumVisualStudioVersion = 10.0.40219.1
Project("{FAE04EC0-301F-11D3-BF4B-00C04F79EFBC}") = "app", "app\app.csproj", "{4A559776-46C6-414F-AB87-9C4E4113E5BD}"
EndProject
Project("{FAE04EC0-301F-11D3-BF4B-00C04F79EFBC}") = "cmd", "cmd\cmd.csproj", "{5235FE50-F192-44F9-9535-D8CBFE893CEB}"
EndProject
Project("{FAE04EC0-301F-11D3-BF4B-00C04F79EFBC}") = "lib", "lib\lib.csproj", "{D84919AF-4AB1-4CAE-B707-B3A1ED76BB2B}"
EndProject
Project("{FAE04EC0-301F-11D3-BF4B-00C04F79EFBC}") = "tests", "tests\tests.csproj", "{A169B152-133C-4416-B7D6-91651DFA4527}"
EndProject
Project("{9A19103F-16F7-4668-BE54-9A1E7A4F7556}") = "mslib", "..\metastrings\mslib\mslib.csproj", "{8479C473-15F6-4EC4-ADA3-E8FD6ADF66AE}"
EndProject
Global
	GlobalSection(SolutionConfigurationPlatforms) = preSolution
		Debug|Any CPU = Debug|Any CPU
		Release|Any CPU = Release|Any CPU
	EndGlobalSection
	GlobalSection(ProjectConfigurationPlatforms) = postSolution
		{4A559776-46C6-414F-AB87-9C4E4113E5BD}.Debug|Any CPU.ActiveCfg = Debug|Any CPU
		{4A559776-46C6-414F-AB87-9C4E4113E5BD}.Debug|Any CPU.Build.0 = Debug|Any CPU
		{4A559776-46C6-414F-AB87-9C4E4113E5BD}.Release|Any CPU.ActiveCfg = Release|Any CPU
		{4A559776-46C6-414F-AB87-9C4E4113E5BD}.Release|Any CPU.Build.0 = Release|Any CPU
		{5235FE50-F192-44F9-9535-D8CBFE893CEB}.Debug|Any CPU.ActiveCfg = Debug|Any CPU
		{5235FE50-F192-44F9-9535-D8CBFE893CEB}.Debug|Any CPU.Build.0 = Debug|Any CPU
		{5235FE50-F192-44F9-9535-D8CBFE893CEB}.Release|Any CPU.ActiveCfg = Release|Any CPU
		{5235FE50-F192-44F9-9535-D8CBFE893CEB}.Release|Any CPU.Build.0 = Release|Any CPU
		{D84919AF-4AB1-4CAE-B707-B3A1ED76BB2B}.Debug|Any CPU.ActiveCfg = Debug|Any CPU
		{D84919AF-4AB1-4CAE-B707-B3A1ED76BB2B}.Debug|Any CPU.Build.0 = Debug|Any CPU
		{D84919AF-4AB1-4CAE-B707-B3A1ED76BB2B}.Release|Any CPU.ActiveCfg = Release|Any CPU
		{D84919AF-4AB1-4CAE-B707-B3A1ED76BB2B}.Release|Any CPU.Build.0 = Release|Any CPU
		{A169B152-133C-4416-B7D6-91651DFA4527}.Debug|Any CPU.ActiveCfg = Debug|Any CPU
		{A169B152-133C-4416-B7D6-91651DFA4527}.Debug|Any CPU.Build.0 = Debug|Any CPU
		{A169B152-133C-4416-B7D6-91651DFA4527}.Release|Any CPU.ActiveCfg = Release|Any CPU
		{A169B152-133C-4416-B7D6-91651DFA4527}.Release|Any CPU.Build.0 = Release|Any CPU
		{8479C473-15F6-4EC4-ADA3-E8FD6ADF66AE}.Debug|Any CPU.ActiveCfg = Debug|Any CPU
		{8479C473-15F6-4EC4-ADA3-E8FD6ADF66AE}.Debug|Any CPU.Build.0 = Debug|Any CPU
		{8479C473-15F6-4EC4-ADA3-E8FD6ADF66AE}.Release|Any CPU.ActiveCfg = Release|Any CPU
		{8479C473-15F6-4EC4-ADA3-E8FD6ADF66AE}.Release|Any CPU.Build.0 = Release|Any CPU
	EndGlobalSection
	GlobalSection(SolutionProperties) = preSolution
		HideSolutionNode = FALSE
	EndGlobalSection
	GlobalSection(ExtensibilityGlobals) = postSolution
		SolutionGuid = {54750F50-896F-43DE-8A43-27258D75C1FA}
	EndGlobalSection
EndGlobal
